
Microsoft Visual Studio Solution File, Format Version 12.00
# Visual Studio Version 17
VisualStudioVersion = 17.8.34525.116
MinimumVisualStudioVersion = 10.0.40219.1
Project("{FAE04EC0-301F-11D3-BF4B-00C04F79EFBC}") = "AyealLibrary", "AyealLibrary\AyealLibrary.csproj", "{2C553F60-72D9-45DB-8BA3-4297463F1310}"
EndProject
Global
	GlobalSection(SolutionConfigurationPlatforms) = preSolution
		Debug|Any CPU = Debug|Any CPU
		Release|Any CPU = Release|Any CPU
	EndGlobalSection
	GlobalSection(ProjectConfigurationPlatforms) = postSolution
		{2C553F60-72D9-45DB-8BA3-4297463F1310}.Debug|Any CPU.ActiveCfg = Debug|Any CPU
		{2C553F60-72D9-45DB-8BA3-4297463F1310}.Debug|Any CPU.Build.0 = Debug|Any CPU
		{2C553F60-72D9-45DB-8BA3-4297463F1310}.Release|Any CPU.ActiveCfg = Release|Any CPU
		{2C553F60-72D9-45DB-8BA3-4297463F1310}.Release|Any CPU.Build.0 = Release|Any CPU
	EndGlobalSection
	GlobalSection(SolutionProperties) = preSolution
		HideSolutionNode = FALSE
	EndGlobalSection
	GlobalSection(ExtensibilityGlobals) = postSolution
		SolutionGuid = {C8778916-B25C-43DC-8A6E-186CA9727064}
	EndGlobalSection
EndGlobal
